
Microsoft Visual Studio Solution File, Format Version 12.00
# Visual Studio Version 17
VisualStudioVersion = 17.2.32630.192
MinimumVisualStudioVersion = 10.0.40219.1
Project("{FAE04EC0-301F-11D3-BF4B-00C04F79EFBC}") = "Teste WebAPI", "Teste WebAPI\Teste WebAPI.csproj", "{D954199B-3A46-4F04-8C93-3F5ECA6B62BE}"
EndProject
Global
	GlobalSection(SolutionConfigurationPlatforms) = preSolution
		Debug|Any CPU = Debug|Any CPU
		Release|Any CPU = Release|Any CPU
	EndGlobalSection
	GlobalSection(ProjectConfigurationPlatforms) = postSolution
		{D954199B-3A46-4F04-8C93-3F5ECA6B62BE}.Debug|Any CPU.ActiveCfg = Debug|Any CPU
		{D954199B-3A46-4F04-8C93-3F5ECA6B62BE}.Debug|Any CPU.Build.0 = Debug|Any CPU
		{D954199B-3A46-4F04-8C93-3F5ECA6B62BE}.Release|Any CPU.ActiveCfg = Release|Any CPU
		{D954199B-3A46-4F04-8C93-3F5ECA6B62BE}.Release|Any CPU.Build.0 = Release|Any CPU
	EndGlobalSection
	GlobalSection(SolutionProperties) = preSolution
		HideSolutionNode = FALSE
	EndGlobalSection
	GlobalSection(ExtensibilityGlobals) = postSolution
		SolutionGuid = {C368CA91-D4A1-491C-ABBB-F536C42950F6}
	EndGlobalSection
EndGlobal
